
Microsoft Visual Studio Solution File, Format Version 12.00
# Visual Studio Version 17
VisualStudioVersion = 17.0.31903.59
MinimumVisualStudioVersion = 10.0.40219.1
Project("{FAE04EC0-301F-11D3-BF4B-00C04F79EFBC}") = "API", "API\API.csproj", "{AE8C271F-15A7-402A-9B64-5C9503D5089F}"
EndProject
Project("{FAE04EC0-301F-11D3-BF4B-00C04F79EFBC}") = "Core", "Core\Core.csproj", "{5B969A21-B735-466C-B3EE-42E4E6F84256}"
EndProject
Project("{FAE04EC0-301F-11D3-BF4B-00C04F79EFBC}") = "Infrastructure", "Infrastructure\Infrastructure.csproj", "{03C5BE87-3806-4F32-9F9A-872037863612}"
EndProject
Project("{FAE04EC0-301F-11D3-BF4B-00C04F79EFBC}") = "Application", "Application\Application.csproj", "{E42CD34B-5EB7-47FF-9ADD-141E61266AC9}"
EndProject
Global
	GlobalSection(SolutionConfigurationPlatforms) = preSolution
		Debug|Any CPU = Debug|Any CPU
		Debug|x64 = Debug|x64
		Debug|x86 = Debug|x86
		Release|Any CPU = Release|Any CPU
		Release|x64 = Release|x64
		Release|x86 = Release|x86
	EndGlobalSection
	GlobalSection(ProjectConfigurationPlatforms) = postSolution
		{AE8C271F-15A7-402A-9B64-5C9503D5089F}.Debug|Any CPU.ActiveCfg = Debug|Any CPU
		{AE8C271F-15A7-402A-9B64-5C9503D5089F}.Debug|Any CPU.Build.0 = Debug|Any CPU
		{AE8C271F-15A7-402A-9B64-5C9503D5089F}.Debug|x64.ActiveCfg = Debug|Any CPU
		{AE8C271F-15A7-402A-9B64-5C9503D5089F}.Debug|x64.Build.0 = Debug|Any CPU
		{AE8C271F-15A7-402A-9B64-5C9503D5089F}.Debug|x86.ActiveCfg = Debug|Any CPU
		{AE8C271F-15A7-402A-9B64-5C9503D5089F}.Debug|x86.Build.0 = Debug|Any CPU
		{AE8C271F-15A7-402A-9B64-5C9503D5089F}.Release|Any CPU.ActiveCfg = Release|Any CPU
		{AE8C271F-15A7-402A-9B64-5C9503D5089F}.Release|Any CPU.Build.0 = Release|Any CPU
		{AE8C271F-15A7-402A-9B64-5C9503D5089F}.Release|x64.ActiveCfg = Release|Any CPU
		{AE8C271F-15A7-402A-9B64-5C9503D5089F}.Release|x64.Build.0 = Release|Any CPU
		{AE8C271F-15A7-402A-9B64-5C9503D5089F}.Release|x86.ActiveCfg = Release|Any CPU
		{AE8C271F-15A7-402A-9B64-5C9503D5089F}.Release|x86.Build.0 = Release|Any CPU
		{5B969A21-B735-466C-B3EE-42E4E6F84256}.Debug|Any CPU.ActiveCfg = Debug|Any CPU
		{5B969A21-B735-466C-B3EE-42E4E6F84256}.Debug|Any CPU.Build.0 = Debug|Any CPU
		{5B969A21-B735-466C-B3EE-42E4E6F84256}.Debug|x64.ActiveCfg = Debug|Any CPU
		{5B969A21-B735-466C-B3EE-42E4E6F84256}.Debug|x64.Build.0 = Debug|Any CPU
		{5B969A21-B735-466C-B3EE-42E4E6F84256}.Debug|x86.ActiveCfg = Debug|Any CPU
		{5B969A21-B735-466C-B3EE-42E4E6F84256}.Debug|x86.Build.0 = Debug|Any CPU
		{5B969A21-B735-466C-B3EE-42E4E6F84256}.Release|Any CPU.ActiveCfg = Release|Any CPU
		{5B969A21-B735-466C-B3EE-42E4E6F84256}.Release|Any CPU.Build.0 = Release|Any CPU
		{5B969A21-B735-466C-B3EE-42E4E6F84256}.Release|x64.ActiveCfg = Release|Any CPU
		{5B969A21-B735-466C-B3EE-42E4E6F84256}.Release|x64.Build.0 = Release|Any CPU
		{5B969A21-B735-466C-B3EE-42E4E6F84256}.Release|x86.ActiveCfg = Release|Any CPU
		{5B969A21-B735-466C-B3EE-42E4E6F84256}.Release|x86.Build.0 = Release|Any CPU
		{03C5BE87-3806-4F32-9F9A-872037863612}.Debug|Any CPU.ActiveCfg = Debug|Any CPU
		{03C5BE87-3806-4F32-9F9A-872037863612}.Debug|Any CPU.Build.0 = Debug|Any CPU
		{03C5BE87-3806-4F32-9F9A-872037863612}.Debug|x64.ActiveCfg = Debug|Any CPU
		{03C5BE87-3806-4F32-9F9A-872037863612}.Debug|x64.Build.0 = Debug|Any CPU
		{03C5BE87-3806-4F32-9F9A-872037863612}.Debug|x86.ActiveCfg = Debug|Any CPU
		{03C5BE87-3806-4F32-9F9A-872037863612}.Debug|x86.Build.0 = Debug|Any CPU
		{03C5BE87-3806-4F32-9F9A-872037863612}.Release|Any CPU.ActiveCfg = Release|Any CPU
		{03C5BE87-3806-4F32-9F9A-872037863612}.Release|Any CPU.Build.0 = Release|Any CPU
		{03C5BE87-3806-4F32-9F9A-872037863612}.Release|x64.ActiveCfg = Release|Any CPU
		{03C5BE87-3806-4F32-9F9A-872037863612}.Release|x64.Build.0 = Release|Any CPU
		{03C5BE87-3806-4F32-9F9A-872037863612}.Release|x86.ActiveCfg = Release|Any CPU
		{03C5BE87-3806-4F32-9F9A-872037863612}.Release|x86.Build.0 = Release|Any CPU
		{E42CD34B-5EB7-47FF-9ADD-141E61266AC9}.Debug|Any CPU.ActiveCfg = Debug|Any CPU
		{E42CD34B-5EB7-47FF-9ADD-141E61266AC9}.Debug|Any CPU.Build.0 = Debug|Any CPU
		{E42CD34B-5EB7-47FF-9ADD-141E61266AC9}.Debug|x64.ActiveCfg = Debug|Any CPU
		{E42CD34B-5EB7-47FF-9ADD-141E61266AC9}.Debug|x64.Build.0 = Debug|Any CPU
		{E42CD34B-5EB7-47FF-9ADD-141E61266AC9}.Debug|x86.ActiveCfg = Debug|Any CPU
		{E42CD34B-5EB7-47FF-9ADD-141E61266AC9}.Debug|x86.Build.0 = Debug|Any CPU
		{E42CD34B-5EB7-47FF-9ADD-141E61266AC9}.Release|Any CPU.ActiveCfg = Release|Any CPU
		{E42CD34B-5EB7-47FF-9ADD-141E61266AC9}.Release|Any CPU.Build.0 = Release|Any CPU
		{E42CD34B-5EB7-47FF-9ADD-141E61266AC9}.Release|x64.ActiveCfg = Release|Any CPU
		{E42CD34B-5EB7-47FF-9ADD-141E61266AC9}.Release|x64.Build.0 = Release|Any CPU
		{E42CD34B-5EB7-47FF-9ADD-141E61266AC9}.Release|x86.ActiveCfg = Release|Any CPU
		{E42CD34B-5EB7-47FF-9ADD-141E61266AC9}.Release|x86.Build.0 = Release|Any CPU
	EndGlobalSection
	GlobalSection(SolutionProperties) = preSolution
		HideSolutionNode = FALSE
	EndGlobalSection
EndGlobal
