
Microsoft Visual Studio Solution File, Format Version 12.00
# Visual Studio Version 17
VisualStudioVersion = 17.0.31903.59
MinimumVisualStudioVersion = 10.0.40219.1
Project("{FAE04EC0-301F-11D3-BF4B-00C04F79EFBC}") = "API", "API\API.csproj", "{A46C3BEF-0A93-48A3-BEC6-A7DD8C27B54E}"
EndProject
Project("{FAE04EC0-301F-11D3-BF4B-00C04F79EFBC}") = "Core", "Core\Core.csproj", "{52CA8334-4314-4A81-A292-51DB5600191A}"
EndProject
Project("{FAE04EC0-301F-11D3-BF4B-00C04F79EFBC}") = "Infrastructure", "Infrastructure\Infrastructure.csproj", "{524263D8-295B-4D22-899E-0816C42DAADD}"
EndProject
Project("{FAE04EC0-301F-11D3-BF4B-00C04F79EFBC}") = "Application", "Application\Application.csproj", "{20B430D0-3CE0-41AB-A568-E6CEB86747A0}"
EndProject
Global
	GlobalSection(SolutionConfigurationPlatforms) = preSolution
		Debug|Any CPU = Debug|Any CPU
		Debug|x64 = Debug|x64
		Debug|x86 = Debug|x86
		Release|Any CPU = Release|Any CPU
		Release|x64 = Release|x64
		Release|x86 = Release|x86
	EndGlobalSection
	GlobalSection(ProjectConfigurationPlatforms) = postSolution
		{A46C3BEF-0A93-48A3-BEC6-A7DD8C27B54E}.Debug|Any CPU.ActiveCfg = Debug|Any CPU
		{A46C3BEF-0A93-48A3-BEC6-A7DD8C27B54E}.Debug|Any CPU.Build.0 = Debug|Any CPU
		{A46C3BEF-0A93-48A3-BEC6-A7DD8C27B54E}.Debug|x64.ActiveCfg = Debug|Any CPU
		{A46C3BEF-0A93-48A3-BEC6-A7DD8C27B54E}.Debug|x64.Build.0 = Debug|Any CPU
		{A46C3BEF-0A93-48A3-BEC6-A7DD8C27B54E}.Debug|x86.ActiveCfg = Debug|Any CPU
		{A46C3BEF-0A93-48A3-BEC6-A7DD8C27B54E}.Debug|x86.Build.0 = Debug|Any CPU
		{A46C3BEF-0A93-48A3-BEC6-A7DD8C27B54E}.Release|Any CPU.ActiveCfg = Release|Any CPU
		{A46C3BEF-0A93-48A3-BEC6-A7DD8C27B54E}.Release|Any CPU.Build.0 = Release|Any CPU
		{A46C3BEF-0A93-48A3-BEC6-A7DD8C27B54E}.Release|x64.ActiveCfg = Release|Any CPU
		{A46C3BEF-0A93-48A3-BEC6-A7DD8C27B54E}.Release|x64.Build.0 = Release|Any CPU
		{A46C3BEF-0A93-48A3-BEC6-A7DD8C27B54E}.Release|x86.ActiveCfg = Release|Any CPU
		{A46C3BEF-0A93-48A3-BEC6-A7DD8C27B54E}.Release|x86.Build.0 = Release|Any CPU
		{52CA8334-4314-4A81-A292-51DB5600191A}.Debug|Any CPU.ActiveCfg = Debug|Any CPU
		{52CA8334-4314-4A81-A292-51DB5600191A}.Debug|Any CPU.Build.0 = Debug|Any CPU
		{52CA8334-4314-4A81-A292-51DB5600191A}.Debug|x64.ActiveCfg = Debug|Any CPU
		{52CA8334-4314-4A81-A292-51DB5600191A}.Debug|x64.Build.0 = Debug|Any CPU
		{52CA8334-4314-4A81-A292-51DB5600191A}.Debug|x86.ActiveCfg = Debug|Any CPU
		{52CA8334-4314-4A81-A292-51DB5600191A}.Debug|x86.Build.0 = Debug|Any CPU
		{52CA8334-4314-4A81-A292-51DB5600191A}.Release|Any CPU.ActiveCfg = Release|Any CPU
		{52CA8334-4314-4A81-A292-51DB5600191A}.Release|Any CPU.Build.0 = Release|Any CPU
		{52CA8334-4314-4A81-A292-51DB5600191A}.Release|x64.ActiveCfg = Release|Any CPU
		{52CA8334-4314-4A81-A292-51DB5600191A}.Release|x64.Build.0 = Release|Any CPU
		{52CA8334-4314-4A81-A292-51DB5600191A}.Release|x86.ActiveCfg = Release|Any CPU
		{52CA8334-4314-4A81-A292-51DB5600191A}.Release|x86.Build.0 = Release|Any CPU
		{524263D8-295B-4D22-899E-0816C42DAADD}.Debug|Any CPU.ActiveCfg = Debug|Any CPU
		{524263D8-295B-4D22-899E-0816C42DAADD}.Debug|Any CPU.Build.0 = Debug|Any CPU
		{524263D8-295B-4D22-899E-0816C42DAADD}.Debug|x64.ActiveCfg = Debug|Any CPU
		{524263D8-295B-4D22-899E-0816C42DAADD}.Debug|x64.Build.0 = Debug|Any CPU
		{524263D8-295B-4D22-899E-0816C42DAADD}.Debug|x86.ActiveCfg = Debug|Any CPU
		{524263D8-295B-4D22-899E-0816C42DAADD}.Debug|x86.Build.0 = Debug|Any CPU
		{524263D8-295B-4D22-899E-0816C42DAADD}.Release|Any CPU.ActiveCfg = Release|Any CPU
		{524263D8-295B-4D22-899E-0816C42DAADD}.Release|Any CPU.Build.0 = Release|Any CPU
		{524263D8-295B-4D22-899E-0816C42DAADD}.Release|x64.ActiveCfg = Release|Any CPU
		{524263D8-295B-4D22-899E-0816C42DAADD}.Release|x64.Build.0 = Release|Any CPU
		{524263D8-295B-4D22-899E-0816C42DAADD}.Release|x86.ActiveCfg = Release|Any CPU
		{524263D8-295B-4D22-899E-0816C42DAADD}.Release|x86.Build.0 = Release|Any CPU
		{20B430D0-3CE0-41AB-A568-E6CEB86747A0}.Debug|Any CPU.ActiveCfg = Debug|Any CPU
		{20B430D0-3CE0-41AB-A568-E6CEB86747A0}.Debug|Any CPU.Build.0 = Debug|Any CPU
		{20B430D0-3CE0-41AB-A568-E6CEB86747A0}.Debug|x64.ActiveCfg = Debug|Any CPU
		{20B430D0-3CE0-41AB-A568-E6CEB86747A0}.Debug|x64.Build.0 = Debug|Any CPU
		{20B430D0-3CE0-41AB-A568-E6CEB86747A0}.Debug|x86.ActiveCfg = Debug|Any CPU
		{20B430D0-3CE0-41AB-A568-E6CEB86747A0}.Debug|x86.Build.0 = Debug|Any CPU
		{20B430D0-3CE0-41AB-A568-E6CEB86747A0}.Release|Any CPU.ActiveCfg = Release|Any CPU
		{20B430D0-3CE0-41AB-A568-E6CEB86747A0}.Release|Any CPU.Build.0 = Release|Any CPU
		{20B430D0-3CE0-41AB-A568-E6CEB86747A0}.Release|x64.ActiveCfg = Release|Any CPU
		{20B430D0-3CE0-41AB-A568-E6CEB86747A0}.Release|x64.Build.0 = Release|Any CPU
		{20B430D0-3CE0-41AB-A568-E6CEB86747A0}.Release|x86.ActiveCfg = Release|Any CPU
		{20B430D0-3CE0-41AB-A568-E6CEB86747A0}.Release|x86.Build.0 = Release|Any CPU
	EndGlobalSection
	GlobalSection(SolutionProperties) = preSolution
		HideSolutionNode = FALSE
	EndGlobalSection
EndGlobal
